<Solution Description="Visual Studio slnx file generated by Premake" Version="1.4">
  <Configurations>
    <BuildType Name="Release" />
    <Platform Name="x64" />
  </Configurations>
  <Project Path="Client\ConfiniumClient.vcxproj" Id="ACB1E13C-183D-4F01-214E-D2F58D58AB01">
  </Project>
  <Project Path="Server\ConfiniumServer.vcxproj" Id="C4C6BA61-3052-2826-3963-AB1AA56D8426">
  </Project>
</Solution>